Microsoft Visual Studio Solution File, Format Version 11.00
# Visual Studio 2008

Project("{D9673F31-28FC-FBD7-0D04-0F7DC18AFBD8}") = "Awesome", "Assembly-CSharp.csproj", "{5ABE0543-3973-6546-5F19-BA1FB706DB9F}"
EndProject
Global
	GlobalSection(SolutionConfigurationPlatforms) = preSolution
		Debug|Any CPU = Debug|Any CPU
		Release|Any CPU = Release|Any CPU
	EndGlobalSection
	GlobalSection(ProjectConfigurationPlatforms) = postSolution
		{5ABE0543-3973-6546-5F19-BA1FB706DB9F}.Debug|Any CPU.ActiveCfg = Debug|Any CPU
		{5ABE0543-3973-6546-5F19-BA1FB706DB9F}.Debug|Any CPU.Build.0 = Debug|Any CPU
		{5ABE0543-3973-6546-5F19-BA1FB706DB9F}.Release|Any CPU.ActiveCfg = Release|Any CPU
		{5ABE0543-3973-6546-5F19-BA1FB706DB9F}.Release|Any CPU.Build.0 = Release|Any CPU
	EndGlobalSection
	GlobalSection(SolutionProperties) = preSolution
		HideSolutionNode = FALSE
	EndGlobalSection
	GlobalSection(MonoDevelopProperties) = preSolution
		StartupItem = Assembly-CSharp.csproj
	EndGlobalSection
EndGlobal
